
Microsoft Visual Studio Solution File, Format Version 12.00
# Visual Studio Version 16
VisualStudioVersion = 16.0.31727.386
MinimumVisualStudioVersion = 10.0.40219.1
Project("{FAE04EC0-301F-11D3-BF4B-00C04F79EFBC}") = "RentalKendaraan_056", "RentalKendaraan_056\RentalKendaraan_056.csproj", "{EF69D6F3-14BD-41E7-A2A4-C8D81571A2B5}"
EndProject
Global
	GlobalSection(SolutionConfigurationPlatforms) = preSolution
		Debug|Any CPU = Debug|Any CPU
		Release|Any CPU = Release|Any CPU
	EndGlobalSection
	GlobalSection(ProjectConfigurationPlatforms) = postSolution
		{EF69D6F3-14BD-41E7-A2A4-C8D81571A2B5}.Debug|Any CPU.ActiveCfg = Debug|Any CPU
		{EF69D6F3-14BD-41E7-A2A4-C8D81571A2B5}.Debug|Any CPU.Build.0 = Debug|Any CPU
		{EF69D6F3-14BD-41E7-A2A4-C8D81571A2B5}.Release|Any CPU.ActiveCfg = Release|Any CPU
		{EF69D6F3-14BD-41E7-A2A4-C8D81571A2B5}.Release|Any CPU.Build.0 = Release|Any CPU
	EndGlobalSection
	GlobalSection(SolutionProperties) = preSolution
		HideSolutionNode = FALSE
	EndGlobalSection
	GlobalSection(ExtensibilityGlobals) = postSolution
		SolutionGuid = {4AB63D68-8B73-42DF-A00B-3D677D225EC9}
	EndGlobalSection
EndGlobal
